// !$*UTF8*$!
{
	archiveVersion = 1;
	classes = {
	};
	objectVersion = 56;
	objects = {

/* Begin PBXBuildFile section */
		841095CB2B7BE05000D96F39 /* MainCollectionViewCell.swift in Sources */ = {isa = PBXBuildFile; fileRef = 841095CA2B7BE05000D96F39 /* MainCollectionViewCell.swift */; };
		844BF4442B76145F00C7BCBA /* AppDelegate.swift in Sources */ = {isa = PBXBuildFile; fileRef = 844BF4432B76145F00C7BCBA /* AppDelegate.swift */; };
		844BF4482B76145F00C7BCBA /* SearchViewController.swift in Sources */ = {isa = PBXBuildFile; fileRef = 844BF4472B76145F00C7BCBA /* SearchViewController.swift */; };
		844BF44D2B76146100C7BCBA /* Assets.xcassets in Resources */ = {isa = PBXBuildFile; fileRef = 844BF44C2B76146100C7BCBA /* Assets.xcassets */; };
		844BF4502B76146100C7BCBA /* LaunchScreen.storyboard in Resources */ = {isa = PBXBuildFile; fileRef = 844BF44E2B76146100C7BCBA /* LaunchScreen.storyboard */; };
		844BF4582B76158B00C7BCBA /* URLRequest.swift in Sources */ = {isa = PBXBuildFile; fileRef = 844BF4572B76158B00C7BCBA /* URLRequest.swift */; };
		844BF45A2B76158B00C7BCBA /* URLSession.swift in Sources */ = {isa = PBXBuildFile; fileRef = 844BF4592B76158B00C7BCBA /* URLSession.swift */; };
		844BF45C2B76158B00C7BCBA /* NetworkErrorModel.swift in Sources */ = {isa = PBXBuildFile; fileRef = 844BF45B2B76158B00C7BCBA /* NetworkErrorModel.swift */; };
		844BF45E2B76158B00C7BCBA /* TokenStorage.swift in Sources */ = {isa = PBXBuildFile; fileRef = 844BF45D2B76158B00C7BCBA /* TokenStorage.swift */; };
		844BF4612B76158B00C7BCBA /* SwiftKeychainWrapper in Frameworks */ = {isa = PBXBuildFile; productRef = 844BF4602B76158B00C7BCBA /* SwiftKeychainWrapper */; };
		846938C82B7CDA9100C117A2 /* StretchyTableHeaderView.swift in Sources */ = {isa = PBXBuildFile; fileRef = 846938C72B7CDA9100C117A2 /* StretchyTableHeaderView.swift */; };
		846938CA2B7CDF5C00C117A2 /* SingleImageTableHeaderView.swift in Sources */ = {isa = PBXBuildFile; fileRef = 846938C92B7CDF5C00C117A2 /* SingleImageTableHeaderView.swift */; };
		846938CD2B7D051B00C117A2 /* TinyConstraints in Frameworks */ = {isa = PBXBuildFile; productRef = 846938CC2B7D051B00C117A2 /* TinyConstraints */; };
		846AC7792B7521E200837F48 /* NetworkConstants.swift in Sources */ = {isa = PBXBuildFile; fileRef = 846AC7782B7521E200837F48 /* NetworkConstants.swift */; };
		846AC77D2B7522C600837F48 /* String+Extensions.swift in Sources */ = {isa = PBXBuildFile; fileRef = 846AC77C2B7522C600837F48 /* String+Extensions.swift */; };
		846AC7862B763C2B00837F48 /* ImagesListService.swift in Sources */ = {isa = PBXBuildFile; fileRef = 846AC7852B763C2B00837F48 /* ImagesListService.swift */; };
		846AC7882B763CB000837F48 /* PhotoViewModel.swift in Sources */ = {isa = PBXBuildFile; fileRef = 846AC7872B763CB000837F48 /* PhotoViewModel.swift */; };
		846AC78E2B7642AB00837F48 /* UIBlockingProgressHUD.swift in Sources */ = {isa = PBXBuildFile; fileRef = 846AC78D2B7642AB00837F48 /* UIBlockingProgressHUD.swift */; };
		846AC7902B76435200837F48 /* AlertModel.swift in Sources */ = {isa = PBXBuildFile; fileRef = 846AC78F2B76435200837F48 /* AlertModel.swift */; };
		846AC7922B7643D500837F48 /* Alert.swift in Sources */ = {isa = PBXBuildFile; fileRef = 846AC7912B7643D500837F48 /* Alert.swift */; };
		8474F5B62B7CC02B005E7E12 /* SingleImageViewController.swift in Sources */ = {isa = PBXBuildFile; fileRef = 8474F5B52B7CC02B005E7E12 /* SingleImageViewController.swift */; };
		847A03BD2B7DF4B7002BAE30 /* Images.swift in Sources */ = {isa = PBXBuildFile; fileRef = 847A03BC2B7DF4B7002BAE30 /* Images.swift */; };
		847A03BF2B7DF7D2002BAE30 /* SingleImageTableViewCell.swift in Sources */ = {isa = PBXBuildFile; fileRef = 847A03BE2B7DF7D2002BAE30 /* SingleImageTableViewCell.swift */; };
		847A03C32B7E0E94002BAE30 /* IndexPath+Extension.swift in Sources */ = {isa = PBXBuildFile; fileRef = 847A03C22B7E0E94002BAE30 /* IndexPath+Extension.swift */; };
		847A03CB2B7E5157002BAE30 /* FullScreenImageViewController.swift in Sources */ = {isa = PBXBuildFile; fileRef = 847A03C72B7E5157002BAE30 /* FullScreenImageViewController.swift */; };
		847A03CC2B7E5157002BAE30 /* FullScreenTransitionManager.swift in Sources */ = {isa = PBXBuildFile; fileRef = 847A03C82B7E5157002BAE30 /* FullScreenTransitionManager.swift */; };
		847A03CD2B7E5157002BAE30 /* FullScreenPresentationController.swift in Sources */ = {isa = PBXBuildFile; fileRef = 847A03C92B7E5157002BAE30 /* FullScreenPresentationController.swift */; };
		847A03CE2B7E5157002BAE30 /* FullScreenAnimationController.swift in Sources */ = {isa = PBXBuildFile; fileRef = 847A03CA2B7E5157002BAE30 /* FullScreenAnimationController.swift */; };
		849182092B77A014009EFDD0 /* SceneDelegate.swift in Sources */ = {isa = PBXBuildFile; fileRef = 844BF4452B76145F00C7BCBA /* SceneDelegate.swift */; };
		8491820B2B77E335009EFDD0 /* SearchTableViewCell.swift in Sources */ = {isa = PBXBuildFile; fileRef = 8491820A2B77E335009EFDD0 /* SearchTableViewCell.swift */; };
		8491820E2B77E5F1009EFDD0 /* Kingfisher in Frameworks */ = {isa = PBXBuildFile; productRef = 8491820D2B77E5F1009EFDD0 /* Kingfisher */; };
		84E4A4402B7B73F300BE90BB /* Colors.swift in Sources */ = {isa = PBXBuildFile; fileRef = 84E4A43F2B7B73F300BE90BB /* Colors.swift */; };
		84F80C192B7B818400184309 /* TabBarController.swift in Sources */ = {isa = PBXBuildFile; fileRef = 84F80C182B7B818400184309 /* TabBarController.swift */; };
		84F80C1B2B7B826A00184309 /* MainViewController.swift in Sources */ = {isa = PBXBuildFile; fileRef = 84F80C1A2B7B826A00184309 /* MainViewController.swift */; };
		84F80C1D2B7BADE500184309 /* CodableModels.swift in Sources */ = {isa = PBXBuildFile; fileRef = 84F80C1C2B7BADE500184309 /* CodableModels.swift */; };
/* End PBXBuildFile section */

/* Begin PBXFileReference section */
		841095CA2B7BE05000D96F39 /* MainCollectionViewCell.swift */ = {isa = PBXFileReference; lastKnownFileType = sourcecode.swift; path = MainCollectionViewCell.swift; sourceTree = "<group>"; };
		844BF4402B76145F00C7BCBA /* NASA.app */ = {isa = PBXFileReference; explicitFileType = wrapper.application; includeInIndex = 0; path = NASA.app; sourceTree = BUILT_PRODUCTS_DIR; };
		844BF4432B76145F00C7BCBA /* AppDelegate.swift */ = {isa = PBXFileReference; lastKnownFileType = sourcecode.swift; path = AppDelegate.swift; sourceTree = "<group>"; };
		844BF4452B76145F00C7BCBA /* SceneDelegate.swift */ = {isa = PBXFileReference; lastKnownFileType = sourcecode.swift; path = SceneDelegate.swift; sourceTree = "<group>"; };
		844BF4472B76145F00C7BCBA /* SearchViewController.swift */ = {isa = PBXFileReference; lastKnownFileType = sourcecode.swift; path = SearchViewController.swift; sourceTree = "<group>"; };
		844BF44C2B76146100C7BCBA /* Assets.xcassets */ = {isa = PBXFileReference; lastKnownFileType = folder.assetcatalog; path = Assets.xcassets; sourceTree = "<group>"; };
		844BF44F2B76146100C7BCBA /* Base */ = {isa = PBXFileReference; lastKnownFileType = file.storyboard; name = Base; path = Base.lproj/LaunchScreen.storyboard; sourceTree = "<group>"; };
		844BF4572B76158B00C7BCBA /* URLRequest.swift */ = {isa = PBXFileReference; lastKnownFileType = sourcecode.swift; path = URLRequest.swift; sourceTree = "<group>"; };
		844BF4592B76158B00C7BCBA /* URLSession.swift */ = {isa = PBXFileReference; lastKnownFileType = sourcecode.swift; path = URLSession.swift; sourceTree = "<group>"; };
		844BF45B2B76158B00C7BCBA /* NetworkErrorModel.swift */ = {isa = PBXFileReference; lastKnownFileType = sourcecode.swift; path = NetworkErrorModel.swift; sourceTree = "<group>"; };
		844BF45D2B76158B00C7BCBA /* TokenStorage.swift */ = {isa = PBXFileReference; lastKnownFileType = sourcecode.swift; path = TokenStorage.swift; sourceTree = "<group>"; };
		846938C72B7CDA9100C117A2 /* StretchyTableHeaderView.swift */ = {isa = PBXFileReference; lastKnownFileType = sourcecode.swift; path = StretchyTableHeaderView.swift; sourceTree = "<group>"; };
		846938C92B7CDF5C00C117A2 /* SingleImageTableHeaderView.swift */ = {isa = PBXFileReference; lastKnownFileType = sourcecode.swift; path = SingleImageTableHeaderView.swift; sourceTree = "<group>"; };
		846AC7782B7521E200837F48 /* NetworkConstants.swift */ = {isa = PBXFileReference; lastKnownFileType = sourcecode.swift; path = NetworkConstants.swift; sourceTree = "<group>"; };
		846AC77C2B7522C600837F48 /* String+Extensions.swift */ = {isa = PBXFileReference; lastKnownFileType = sourcecode.swift; path = "String+Extensions.swift"; sourceTree = "<group>"; };
		846AC7852B763C2B00837F48 /* ImagesListService.swift */ = {isa = PBXFileReference; lastKnownFileType = sourcecode.swift; path = ImagesListService.swift; sourceTree = "<group>"; };
		846AC7872B763CB000837F48 /* PhotoViewModel.swift */ = {isa = PBXFileReference; lastKnownFileType = sourcecode.swift; path = PhotoViewModel.swift; sourceTree = "<group>"; };
		846AC78D2B7642AB00837F48 /* UIBlockingProgressHUD.swift */ = {isa = PBXFileReference; lastKnownFileType = sourcecode.swift; path = UIBlockingProgressHUD.swift; sourceTree = "<group>"; };
		846AC78F2B76435200837F48 /* AlertModel.swift */ = {isa = PBXFileReference; lastKnownFileType = sourcecode.swift; path = AlertModel.swift; sourceTree = "<group>"; };
		846AC7912B7643D500837F48 /* Alert.swift */ = {isa = PBXFileReference; lastKnownFileType = sourcecode.swift; path = Alert.swift; sourceTree = "<group>"; };
		8474F5B52B7CC02B005E7E12 /* SingleImageViewController.swift */ = {isa = PBXFileReference; lastKnownFileType = sourcecode.swift; path = SingleImageViewController.swift; sourceTree = "<group>"; };
		847A03BC2B7DF4B7002BAE30 /* Images.swift */ = {isa = PBXFileReference; lastKnownFileType = sourcecode.swift; path = Images.swift; sourceTree = "<group>"; };
		847A03BE2B7DF7D2002BAE30 /* SingleImageTableViewCell.swift */ = {isa = PBXFileReference; lastKnownFileType = sourcecode.swift; path = SingleImageTableViewCell.swift; sourceTree = "<group>"; };
		847A03C22B7E0E94002BAE30 /* IndexPath+Extension.swift */ = {isa = PBXFileReference; lastKnownFileType = sourcecode.swift; path = "IndexPath+Extension.swift"; sourceTree = "<group>"; };
		847A03C72B7E5157002BAE30 /* FullScreenImageViewController.swift */ = {isa = PBXFileReference; fileEncoding = 4; lastKnownFileType = sourcecode.swift; path = FullScreenImageViewController.swift; sourceTree = "<group>"; };
		847A03C82B7E5157002BAE30 /* FullScreenTransitionManager.swift */ = {isa = PBXFileReference; fileEncoding = 4; lastKnownFileType = sourcecode.swift; path = FullScreenTransitionManager.swift; sourceTree = "<group>"; };
		847A03C92B7E5157002BAE30 /* FullScreenPresentationController.swift */ = {isa = PBXFileReference; fileEncoding = 4; lastKnownFileType = sourcecode.swift; path = FullScreenPresentationController.swift; sourceTree = "<group>"; };
		847A03CA2B7E5157002BAE30 /* FullScreenAnimationController.swift */ = {isa = PBXFileReference; fileEncoding = 4; lastKnownFileType = sourcecode.swift; path = FullScreenAnimationController.swift; sourceTree = "<group>"; };
		849182072B779F76009EFDD0 /* Info.plist */ = {isa = PBXFileReference; fileEncoding = 4; lastKnownFileType = text.plist.xml; path = Info.plist; sourceTree = "<group>"; };
		8491820A2B77E335009EFDD0 /* SearchTableViewCell.swift */ = {isa = PBXFileReference; lastKnownFileType = sourcecode.swift; path = SearchTableViewCell.swift; sourceTree = "<group>"; };
		84E4A43F2B7B73F300BE90BB /* Colors.swift */ = {isa = PBXFileReference; lastKnownFileType = sourcecode.swift; path = Colors.swift; sourceTree = "<group>"; };
		84F80C182B7B818400184309 /* TabBarController.swift */ = {isa = PBXFileReference; lastKnownFileType = sourcecode.swift; path = TabBarController.swift; sourceTree = "<group>"; };
		84F80C1A2B7B826A00184309 /* MainViewController.swift */ = {isa = PBXFileReference; lastKnownFileType = sourcecode.swift; path = MainViewController.swift; sourceTree = "<group>"; };
		84F80C1C2B7BADE500184309 /* CodableModels.swift */ = {isa = PBXFileReference; lastKnownFileType = sourcecode.swift; path = CodableModels.swift; sourceTree = "<group>"; };
/* End PBXFileReference section */

/* Begin PBXFrameworksBuildPhase section */
		844BF43D2B76145F00C7BCBA /* Frameworks */ = {
			isa = PBXFrameworksBuildPhase;
			buildActionMask = 2147483647;
			files = (
				8491820E2B77E5F1009EFDD0 /* Kingfisher in Frameworks */,
				844BF4612B76158B00C7BCBA /* SwiftKeychainWrapper in Frameworks */,
				846938CD2B7D051B00C117A2 /* TinyConstraints in Frameworks */,
			);
			runOnlyForDeploymentPostprocessing = 0;
		};
/* End PBXFrameworksBuildPhase section */

/* Begin PBXGroup section */
		844BF4372B76145F00C7BCBA = {
			isa = PBXGroup;
			children = (
				844BF4422B76145F00C7BCBA /* NASA */,
				844BF4412B76145F00C7BCBA /* Products */,
			);
			sourceTree = "<group>";
		};
		844BF4412B76145F00C7BCBA /* Products */ = {
			isa = PBXGroup;
			children = (
				844BF4402B76145F00C7BCBA /* NASA.app */,
			);
			name = Products;
			sourceTree = "<group>";
		};
		844BF4422B76145F00C7BCBA /* NASA */ = {
			isa = PBXGroup;
			children = (
				844BF4432B76145F00C7BCBA /* AppDelegate.swift */,
				844BF4452B76145F00C7BCBA /* SceneDelegate.swift */,
				846AC7812B7522EB00837F48 /* Scenes */,
				846AC77E2B7522D000837F48 /* Extensions */,
				846AC77B2B75227C00837F48 /* Models */,
				846AC77A2B75226D00837F48 /* Network */,
				846AC7822B75231600837F48 /* Storage */,
				846AC78C2B76429500837F48 /* Helpers */,
				846AC7832B75232800837F48 /* Resourses */,
				849182072B779F76009EFDD0 /* Info.plist */,
			);
			path = NASA;
			sourceTree = "<group>";
		};
		846AC77A2B75226D00837F48 /* Network */ = {
			isa = PBXGroup;
			children = (
				846AC7782B7521E200837F48 /* NetworkConstants.swift */,
				846AC7852B763C2B00837F48 /* ImagesListService.swift */,
				844BF4572B76158B00C7BCBA /* URLRequest.swift */,
				844BF4592B76158B00C7BCBA /* URLSession.swift */,
			);
			path = Network;
			sourceTree = "<group>";
		};
		846AC77B2B75227C00837F48 /* Models */ = {
			isa = PBXGroup;
			children = (
				846AC7872B763CB000837F48 /* PhotoViewModel.swift */,
				84F80C1C2B7BADE500184309 /* CodableModels.swift */,
				844BF45B2B76158B00C7BCBA /* NetworkErrorModel.swift */,
				846AC78F2B76435200837F48 /* AlertModel.swift */,
			);
			path = Models;
			sourceTree = "<group>";
		};
		846AC77E2B7522D000837F48 /* Extensions */ = {
			isa = PBXGroup;
			children = (
				846AC77C2B7522C600837F48 /* String+Extensions.swift */,
				847A03C22B7E0E94002BAE30 /* IndexPath+Extension.swift */,
			);
			path = Extensions;
			sourceTree = "<group>";
		};
		846AC7812B7522EB00837F48 /* Scenes */ = {
			isa = PBXGroup;
			children = (
				844BF44E2B76146100C7BCBA /* LaunchScreen.storyboard */,
				84F80C182B7B818400184309 /* TabBarController.swift */,
				847A03C02B7DF7E6002BAE30 /* Main */,
				847A03C12B7DF7F5002BAE30 /* Search */,
				847A03C62B7E5157002BAE30 /* Fullscreen */,
			);
			path = Scenes;
			sourceTree = "<group>";
		};
		846AC7822B75231600837F48 /* Storage */ = {
			isa = PBXGroup;
			children = (
				844BF45D2B76158B00C7BCBA /* TokenStorage.swift */,
			);
			path = Storage;
			sourceTree = "<group>";
		};
		846AC7832B75232800837F48 /* Resourses */ = {
			isa = PBXGroup;
			children = (
				844BF44C2B76146100C7BCBA /* Assets.xcassets */,
				847A03BC2B7DF4B7002BAE30 /* Images.swift */,
				84E4A43F2B7B73F300BE90BB /* Colors.swift */,
			);
			path = Resourses;
			sourceTree = "<group>";
		};
		846AC78C2B76429500837F48 /* Helpers */ = {
			isa = PBXGroup;
			children = (
				846AC78D2B7642AB00837F48 /* UIBlockingProgressHUD.swift */,
				846AC7912B7643D500837F48 /* Alert.swift */,
			);
			path = Helpers;
			sourceTree = "<group>";
		};
		847A03BA2B7DEDA9002BAE30 /* SingleImage */ = {
			isa = PBXGroup;
			children = (
				8474F5B52B7CC02B005E7E12 /* SingleImageViewController.swift */,
				847A03BE2B7DF7D2002BAE30 /* SingleImageTableViewCell.swift */,
				846938C92B7CDF5C00C117A2 /* SingleImageTableHeaderView.swift */,
				846938C72B7CDA9100C117A2 /* StretchyTableHeaderView.swift */,
			);
			path = SingleImage;
			sourceTree = "<group>";
		};
		847A03C02B7DF7E6002BAE30 /* Main */ = {
			isa = PBXGroup;
			children = (
				84F80C1A2B7B826A00184309 /* MainViewController.swift */,
				841095CA2B7BE05000D96F39 /* MainCollectionViewCell.swift */,
				847A03BA2B7DEDA9002BAE30 /* SingleImage */,
			);
			path = Main;
			sourceTree = "<group>";
		};
		847A03C12B7DF7F5002BAE30 /* Search */ = {
			isa = PBXGroup;
			children = (
				844BF4472B76145F00C7BCBA /* SearchViewController.swift */,
				8491820A2B77E335009EFDD0 /* SearchTableViewCell.swift */,
			);
			path = Search;
			sourceTree = "<group>";
		};
		847A03C62B7E5157002BAE30 /* Fullscreen */ = {
			isa = PBXGroup;
			children = (
				847A03C72B7E5157002BAE30 /* FullScreenImageViewController.swift */,
				847A03C82B7E5157002BAE30 /* FullScreenTransitionManager.swift */,
				847A03C92B7E5157002BAE30 /* FullScreenPresentationController.swift */,
				847A03CA2B7E5157002BAE30 /* FullScreenAnimationController.swift */,
			);
			path = Fullscreen;
			sourceTree = "<group>";
		};
/* End PBXGroup section */

/* Begin PBXNativeTarget section */
		844BF43F2B76145F00C7BCBA /* NASA */ = {
			isa = PBXNativeTarget;
			buildConfigurationList = 844BF4542B76146100C7BCBA /* Build configuration list for PBXNativeTarget "NASA" */;
			buildPhases = (
				844BF43C2B76145F00C7BCBA /* Sources */,
				844BF43D2B76145F00C7BCBA /* Frameworks */,
				844BF43E2B76145F00C7BCBA /* Resources */,
			);
			buildRules = (
			);
			dependencies = (
			);
			name = NASA;
			packageProductDependencies = (
				844BF4602B76158B00C7BCBA /* SwiftKeychainWrapper */,
				8491820D2B77E5F1009EFDD0 /* Kingfisher */,
				846938CC2B7D051B00C117A2 /* TinyConstraints */,
			);
			productName = NASAtest;
			productReference = 844BF4402B76145F00C7BCBA /* NASA.app */;
			productType = "com.apple.product-type.application";
		};
/* End PBXNativeTarget section */

/* Begin PBXProject section */
		844BF4382B76145F00C7BCBA /* Project object */ = {
			isa = PBXProject;
			attributes = {
				BuildIndependentTargetsInParallel = 1;
				LastSwiftUpdateCheck = 1420;
				LastUpgradeCheck = 1420;
				TargetAttributes = {
					844BF43F2B76145F00C7BCBA = {
						CreatedOnToolsVersion = 14.2;
					};
				};
			};
			buildConfigurationList = 844BF43B2B76145F00C7BCBA /* Build configuration list for PBXProject "NASA" */;
			compatibilityVersion = "Xcode 14.0";
			developmentRegion = en;
			hasScannedForEncodings = 0;
			knownRegions = (
				en,
				Base,
			);
			mainGroup = 844BF4372B76145F00C7BCBA;
			packageReferences = (
				844BF45F2B76158B00C7BCBA /* XCRemoteSwiftPackageReference "SwiftKeychainWrapper" */,
				8491820C2B77E5F1009EFDD0 /* XCRemoteSwiftPackageReference "Kingfisher" */,
				846938CB2B7D051B00C117A2 /* XCRemoteSwiftPackageReference "TinyConstraints" */,
			);
			productRefGroup = 844BF4412B76145F00C7BCBA /* Products */;
			projectDirPath = "";
			projectRoot = "";
			targets = (
				844BF43F2B76145F00C7BCBA /* NASA */,
			);
		};
/* End PBXProject section */

/* Begin PBXResourcesBuildPhase section */
		844BF43E2B76145F00C7BCBA /* Resources */ = {
			isa = PBXResourcesBuildPhase;
			buildActionMask = 2147483647;
			files = (
				844BF4502B76146100C7BCBA /* LaunchScreen.storyboard in Resources */,
				844BF44D2B76146100C7BCBA /* Assets.xcassets in Resources */,
			);
			runOnlyForDeploymentPostprocessing = 0;
		};
/* End PBXResourcesBuildPhase section */

/* Begin PBXSourcesBuildPhase section */
		844BF43C2B76145F00C7BCBA /* Sources */ = {
			isa = PBXSourcesBuildPhase;
			buildActionMask = 2147483647;
			files = (
				844BF4482B76145F00C7BCBA /* SearchViewController.swift in Sources */,
				849182092B77A014009EFDD0 /* SceneDelegate.swift in Sources */,
				846AC7902B76435200837F48 /* AlertModel.swift in Sources */,
				846AC7882B763CB000837F48 /* PhotoViewModel.swift in Sources */,
				844BF4442B76145F00C7BCBA /* AppDelegate.swift in Sources */,
				844BF45A2B76158B00C7BCBA /* URLSession.swift in Sources */,
				846938CA2B7CDF5C00C117A2 /* SingleImageTableHeaderView.swift in Sources */,
				844BF45E2B76158B00C7BCBA /* TokenStorage.swift in Sources */,
				841095CB2B7BE05000D96F39 /* MainCollectionViewCell.swift in Sources */,
				846AC7922B7643D500837F48 /* Alert.swift in Sources */,
				846938C82B7CDA9100C117A2 /* StretchyTableHeaderView.swift in Sources */,
				847A03C32B7E0E94002BAE30 /* IndexPath+Extension.swift in Sources */,
				846AC77D2B7522C600837F48 /* String+Extensions.swift in Sources */,
				8474F5B62B7CC02B005E7E12 /* SingleImageViewController.swift in Sources */,
				847A03BD2B7DF4B7002BAE30 /* Images.swift in Sources */,
				84E4A4402B7B73F300BE90BB /* Colors.swift in Sources */,
				8491820B2B77E335009EFDD0 /* SearchTableViewCell.swift in Sources */,
				847A03CB2B7E5157002BAE30 /* FullScreenImageViewController.swift in Sources */,
				84F80C1B2B7B826A00184309 /* MainViewController.swift in Sources */,
				846AC7862B763C2B00837F48 /* ImagesListService.swift in Sources */,
				846AC7792B7521E200837F48 /* NetworkConstants.swift in Sources */,
				847A03BF2B7DF7D2002BAE30 /* SingleImageTableViewCell.swift in Sources */,
				844BF4582B76158B00C7BCBA /* URLRequest.swift in Sources */,
				844BF45C2B76158B00C7BCBA /* NetworkErrorModel.swift in Sources */,
				846AC78E2B7642AB00837F48 /* UIBlockingProgressHUD.swift in Sources */,
				84F80C1D2B7BADE500184309 /* CodableModels.swift in Sources */,
				84F80C192B7B818400184309 /* TabBarController.swift in Sources */,
				847A03CE2B7E5157002BAE30 /* FullScreenAnimationController.swift in Sources */,
				847A03CC2B7E5157002BAE30 /* FullScreenTransitionManager.swift in Sources */,
				847A03CD2B7E5157002BAE30 /* FullScreenPresentationController.swift in Sources */,
			);
			runOnlyForDeploymentPostprocessing = 0;
		};
/* End PBXSourcesBuildPhase section */

/* Begin PBXVariantGroup section */
		844BF44E2B76146100C7BCBA /* LaunchScreen.storyboard */ = {
			isa = PBXVariantGroup;
			children = (
				844BF44F2B76146100C7BCBA /* Base */,
			);
			name = LaunchScreen.storyboard;
			sourceTree = "<group>";
		};
/* End PBXVariantGroup section */

/* Begin XCBuildConfiguration section */
		844BF4522B76146100C7BCBA /* Debug */ = {
			isa = XCBuildConfiguration;
			buildSettings = {
				ALWAYS_SEARCH_USER_PATHS = NO;
				CLANG_ANALYZER_NONNULL = YES;
				CLANG_ANALYZER_NUMBER_OBJECT_CONVERSION = YES_AGGRESSIVE;
				CLANG_CXX_LANGUAGE_STANDARD = "gnu++20";
				CLANG_ENABLE_MODULES = YES;
				CLANG_ENABLE_OBJC_ARC = YES;
				CLANG_ENABLE_OBJC_WEAK = YES;
				CLANG_WARN_BLOCK_CAPTURE_AUTORELEASING = YES;
				CLANG_WARN_BOOL_CONVERSION = YES;
				CLANG_WARN_COMMA = YES;
				CLANG_WARN_CONSTANT_CONVERSION = YES;
				CLANG_WARN_DEPRECATED_OBJC_IMPLEMENTATIONS = YES;
				CLANG_WARN_DIRECT_OBJC_ISA_USAGE = YES_ERROR;
				CLANG_WARN_DOCUMENTATION_COMMENTS = YES;
				CLANG_WARN_EMPTY_BODY = YES;
				CLANG_WARN_ENUM_CONVERSION = YES;
				CLANG_WARN_INFINITE_RECURSION = YES;
				CLANG_WARN_INT_CONVERSION = YES;
				CLANG_WARN_NON_LITERAL_NULL_CONVERSION = YES;
				CLANG_WARN_OBJC_IMPLICIT_RETAIN_SELF = YES;
				CLANG_WARN_OBJC_LITERAL_CONVERSION = YES;
				CLANG_WARN_OBJC_ROOT_CLASS = YES_ERROR;
				CLANG_WARN_QUOTED_INCLUDE_IN_FRAMEWORK_HEADER = YES;
				CLANG_WARN_RANGE_LOOP_ANALYSIS = YES;
				CLANG_WARN_STRICT_PROTOTYPES = YES;
				CLANG_WARN_SUSPICIOUS_MOVE = YES;
				CLANG_WARN_UNGUARDED_AVAILABILITY = YES_AGGRESSIVE;
				CLANG_WARN_UNREACHABLE_CODE = YES;
				CLANG_WARN__DUPLICATE_METHOD_MATCH = YES;
				COPY_PHASE_STRIP = NO;
				DEBUG_INFORMATION_FORMAT = dwarf;
				ENABLE_STRICT_OBJC_MSGSEND = YES;
				ENABLE_TESTABILITY = YES;
				GCC_C_LANGUAGE_STANDARD = gnu11;
				GCC_DYNAMIC_NO_PIC = NO;
				GCC_NO_COMMON_BLOCKS = YES;
				GCC_OPTIMIZATION_LEVEL = 0;
				GCC_PREPROCESSOR_DEFINITIONS = (
					"DEBUG=1",
					"$(inherited)",
				);
				GCC_WARN_64_TO_32_BIT_CONVERSION = YES;
				GCC_WARN_ABOUT_RETURN_TYPE = YES_ERROR;
				GCC_WARN_UNDECLARED_SELECTOR = YES;
				GCC_WARN_UNINITIALIZED_AUTOS = YES_AGGRESSIVE;
				GCC_WARN_UNUSED_FUNCTION = YES;
				GCC_WARN_UNUSED_VARIABLE = YES;
				IPHONEOS_DEPLOYMENT_TARGET = 13.0;
				MTL_ENABLE_DEBUG_INFO = INCLUDE_SOURCE;
				MTL_FAST_MATH = YES;
				ONLY_ACTIVE_ARCH = YES;
				SDKROOT = iphoneos;
				SWIFT_ACTIVE_COMPILATION_CONDITIONS = DEBUG;
				SWIFT_OPTIMIZATION_LEVEL = "-Onone";
			};
			name = Debug;
		};
		844BF4532B76146100C7BCBA /* Release */ = {
			isa = XCBuildConfiguration;
			buildSettings = {
				ALWAYS_SEARCH_USER_PATHS = NO;
				CLANG_ANALYZER_NONNULL = YES;
				CLANG_ANALYZER_NUMBER_OBJECT_CONVERSION = YES_AGGRESSIVE;
				CLANG_CXX_LANGUAGE_STANDARD = "gnu++20";
				CLANG_ENABLE_MODULES = YES;
				CLANG_ENABLE_OBJC_ARC = YES;
				CLANG_ENABLE_OBJC_WEAK = YES;
				CLANG_WARN_BLOCK_CAPTURE_AUTORELEASING = YES;
				CLANG_WARN_BOOL_CONVERSION = YES;
				CLANG_WARN_COMMA = YES;
				CLANG_WARN_CONSTANT_CONVERSION = YES;
				CLANG_WARN_DEPRECATED_OBJC_IMPLEMENTATIONS = YES;
				CLANG_WARN_DIRECT_OBJC_ISA_USAGE = YES_ERROR;
				CLANG_WARN_DOCUMENTATION_COMMENTS = YES;
				CLANG_WARN_EMPTY_BODY = YES;
				CLANG_WARN_ENUM_CONVERSION = YES;
				CLANG_WARN_INFINITE_RECURSION = YES;
				CLANG_WARN_INT_CONVERSION = YES;
				CLANG_WARN_NON_LITERAL_NULL_CONVERSION = YES;
				CLANG_WARN_OBJC_IMPLICIT_RETAIN_SELF = YES;
				CLANG_WARN_OBJC_LITERAL_CONVERSION = YES;
				CLANG_WARN_OBJC_ROOT_CLASS = YES_ERROR;
				CLANG_WARN_QUOTED_INCLUDE_IN_FRAMEWORK_HEADER = YES;
				CLANG_WARN_RANGE_LOOP_ANALYSIS = YES;
				CLANG_WARN_STRICT_PROTOTYPES = YES;
				CLANG_WARN_SUSPICIOUS_MOVE = YES;
				CLANG_WARN_UNGUARDED_AVAILABILITY = YES_AGGRESSIVE;
				CLANG_WARN_UNREACHABLE_CODE = YES;
				CLANG_WARN__DUPLICATE_METHOD_MATCH = YES;
				COPY_PHASE_STRIP = NO;
				DEBUG_INFORMATION_FORMAT = "dwarf-with-dsym";
				ENABLE_NS_ASSERTIONS = NO;
				ENABLE_STRICT_OBJC_MSGSEND = YES;
				GCC_C_LANGUAGE_STANDARD = gnu11;
				GCC_NO_COMMON_BLOCKS = YES;
				GCC_WARN_64_TO_32_BIT_CONVERSION = YES;
				GCC_WARN_ABOUT_RETURN_TYPE = YES_ERROR;
				GCC_WARN_UNDECLARED_SELECTOR = YES;
				GCC_WARN_UNINITIALIZED_AUTOS = YES_AGGRESSIVE;
				GCC_WARN_UNUSED_FUNCTION = YES;
				GCC_WARN_UNUSED_VARIABLE = YES;
				IPHONEOS_DEPLOYMENT_TARGET = 13.0;
				MTL_ENABLE_DEBUG_INFO = NO;
				MTL_FAST_MATH = YES;
				SDKROOT = iphoneos;
				SWIFT_COMPILATION_MODE = wholemodule;
				SWIFT_OPTIMIZATION_LEVEL = "-O";
				VALIDATE_PRODUCT = YES;
			};
			name = Release;
		};
		844BF4552B76146100C7BCBA /* Debug */ = {
			isa = XCBuildConfiguration;
			buildSettings = {
				ASSETCATALOG_COMPILER_APPICON_NAME = AppIcon;
				ASSETCATALOG_COMPILER_GLOBAL_ACCENT_COLOR_NAME = AccentColor;
				CODE_SIGN_STYLE = Automatic;
				CURRENT_PROJECT_VERSION = 1;
				DEVELOPMENT_TEAM = Q9BL3YJ6S3;
				GENERATE_INFOPLIST_FILE = YES;
				INFOPLIST_FILE = NASA/Info.plist;
				INFOPLIST_KEY_UIApplicationSupportsIndirectInputEvents = YES;
				INFOPLIST_KEY_UILaunchStoryboardName = LaunchScreen;
				INFOPLIST_KEY_UISupportedInterfaceOrientations_iPad = "UIInterfaceOrientationPortrait UIInterfaceOrientationPortraitUpsideDown UIInterfaceOrientationLandscapeLeft UIInterfaceOrientationLandscapeRight";
				INFOPLIST_KEY_UISupportedInterfaceOrientations_iPhone = "UIInterfaceOrientationPortrait UIInterfaceOrientationLandscapeLeft UIInterfaceOrientationLandscapeRight";
				IPHONEOS_DEPLOYMENT_TARGET = 13.0;
				LD_RUNPATH_SEARCH_PATHS = (
					"$(inherited)",
					"@executable_path/Frameworks",
				);
				MARKETING_VERSION = 1.0;
				PRODUCT_BUNDLE_IDENTIFIER = ru.yandex.practicum.ognerub.NASAtest;
				PRODUCT_NAME = "$(TARGET_NAME)";
				SUPPORTED_PLATFORMS = "iphoneos iphonesimulator";
				SUPPORTS_MACCATALYST = NO;
				SUPPORTS_MAC_DESIGNED_FOR_IPHONE_IPAD = NO;
				SWIFT_EMIT_LOC_STRINGS = YES;
				SWIFT_VERSION = 5.0;
				TARGETED_DEVICE_FAMILY = 1;
			};
			name = Debug;
		};
		844BF4562B76146100C7BCBA /* Release */ = {
			isa = XCBuildConfiguration;
			buildSettings = {
				ASSETCATALOG_COMPILER_APPICON_NAME = AppIcon;
				ASSETCATALOG_COMPILER_GLOBAL_ACCENT_COLOR_NAME = AccentColor;
				CODE_SIGN_STYLE = Automatic;
				CURRENT_PROJECT_VERSION = 1;
				DEVELOPMENT_TEAM = Q9BL3YJ6S3;
				GENERATE_INFOPLIST_FILE = YES;
				INFOPLIST_FILE = NASA/Info.plist;
				INFOPLIST_KEY_UIApplicationSupportsIndirectInputEvents = YES;
				INFOPLIST_KEY_UILaunchStoryboardName = LaunchScreen;
				INFOPLIST_KEY_UISupportedInterfaceOrientations_iPad = "UIInterfaceOrientationPortrait UIInterfaceOrientationPortraitUpsideDown UIInterfaceOrientationLandscapeLeft UIInterfaceOrientationLandscapeRight";
				INFOPLIST_KEY_UISupportedInterfaceOrientations_iPhone = "UIInterfaceOrientationPortrait UIInterfaceOrientationLandscapeLeft UIInterfaceOrientationLandscapeRight";
				IPHONEOS_DEPLOYMENT_TARGET = 13.0;
				LD_RUNPATH_SEARCH_PATHS = (
					"$(inherited)",
					"@executable_path/Frameworks",
				);
				MARKETING_VERSION = 1.0;
				PRODUCT_BUNDLE_IDENTIFIER = ru.yandex.practicum.ognerub.NASAtest;
				PRODUCT_NAME = "$(TARGET_NAME)";
				SUPPORTED_PLATFORMS = "iphoneos iphonesimulator";
				SUPPORTS_MACCATALYST = NO;
				SUPPORTS_MAC_DESIGNED_FOR_IPHONE_IPAD = NO;
				SWIFT_EMIT_LOC_STRINGS = YES;
				SWIFT_VERSION = 5.0;
				TARGETED_DEVICE_FAMILY = 1;
			};
			name = Release;
		};
/* End XCBuildConfiguration section */

/* Begin XCConfigurationList section */
		844BF43B2B76145F00C7BCBA /* Build configuration list for PBXProject "NASA" */ = {
			isa = XCConfigurationList;
			buildConfigurations = (
				844BF4522B76146100C7BCBA /* Debug */,
				844BF4532B76146100C7BCBA /* Release */,
			);
			defaultConfigurationIsVisible = 0;
			defaultConfigurationName = Release;
		};
		844BF4542B76146100C7BCBA /* Build configuration list for PBXNativeTarget "NASA" */ = {
			isa = XCConfigurationList;
			buildConfigurations = (
				844BF4552B76146100C7BCBA /* Debug */,
				844BF4562B76146100C7BCBA /* Release */,
			);
			defaultConfigurationIsVisible = 0;
			defaultConfigurationName = Release;
		};
/* End XCConfigurationList section */

/* Begin XCRemoteSwiftPackageReference section */
		844BF45F2B76158B00C7BCBA /* XCRemoteSwiftPackageReference "SwiftKeychainWrapper" */ = {
			isa = XCRemoteSwiftPackageReference;
			repositoryURL = "https://github.com/jrendel/SwiftKeychainWrapper.git";
			requirement = {
				branch = develop;
				kind = branch;
			};
		};
		846938CB2B7D051B00C117A2 /* XCRemoteSwiftPackageReference "TinyConstraints" */ = {
			isa = XCRemoteSwiftPackageReference;
			repositoryURL = "https://github.com/roberthein/TinyConstraints.git";
			requirement = {
				kind = upToNextMajorVersion;
				minimumVersion = 4.0.0;
			};
		};
		8491820C2B77E5F1009EFDD0 /* XCRemoteSwiftPackageReference "Kingfisher" */ = {
			isa = XCRemoteSwiftPackageReference;
			repositoryURL = "https://github.com/onevcat/Kingfisher.git";
			requirement = {
				branch = master;
				kind = branch;
			};
		};
/* End XCRemoteSwiftPackageReference section */

/* Begin XCSwiftPackageProductDependency section */
		844BF4602B76158B00C7BCBA /* SwiftKeychainWrapper */ = {
			isa = XCSwiftPackageProductDependency;
			package = 844BF45F2B76158B00C7BCBA /* XCRemoteSwiftPackageReference "SwiftKeychainWrapper" */;
			productName = SwiftKeychainWrapper;
		};
		846938CC2B7D051B00C117A2 /* TinyConstraints */ = {
			isa = XCSwiftPackageProductDependency;
			package = 846938CB2B7D051B00C117A2 /* XCRemoteSwiftPackageReference "TinyConstraints" */;
			productName = TinyConstraints;
		};
		8491820D2B77E5F1009EFDD0 /* Kingfisher */ = {
			isa = XCSwiftPackageProductDependency;
			package = 8491820C2B77E5F1009EFDD0 /* XCRemoteSwiftPackageReference "Kingfisher" */;
			productName = Kingfisher;
		};
/* End XCSwiftPackageProductDependency section */
	};
	rootObject = 844BF4382B76145F00C7BCBA /* Project object */;
}
